// !$*UTF8*$!
{
	archiveVersion = 1;
	classes = {
	};
	objectVersion = 46;
	objects = {

/* Begin PBXBuildFile section */
		18E580D31A5238AC00496338 /* main.m in Sources */ = {isa = PBXBuildFile; fileRef = 18E580D21A5238AC00496338 /* main.m */; };
		18E580D61A5238AC00496338 /* AppDelegate.m in Sources */ = {isa = PBXBuildFile; fileRef = 18E580D51A5238AC00496338 /* AppDelegate.m */; };
		18E580D91A5238AC00496338 /* ViewController.m in Sources */ = {isa = PBXBuildFile; fileRef = 18E580D81A5238AC00496338 /* ViewController.m */; };
		18E580DC1A5238AC00496338 /* Main.storyboard in Resources */ = {isa = PBXBuildFile; fileRef = 18E580DA1A5238AC00496338 /* Main.storyboard */; };
		18E580DE1A5238AC00496338 /* Images.xcassets in Resources */ = {isa = PBXBuildFile; fileRef = 18E580DD1A5238AC00496338 /* Images.xcassets */; };
		18E580E11A5238AC00496338 /* LaunchScreen.xib in Resources */ = {isa = PBXBuildFile; fileRef = 18E580DF1A5238AC00496338 /* LaunchScreen.xib */; };
		18E580ED1A5238AC00496338 /* A02_Tabbar_______Tests.m in Sources */ = {isa = PBXBuildFile; fileRef = 18E580EC1A5238AC00496338 /* A02_Tabbar_______Tests.m */; };
/* End PBXBuildFile section */

/* Begin PBXContainerItemProxy section */
		18E580E71A5238AC00496338 /* PBXContainerItemProxy */ = {
			isa = PBXContainerItemProxy;
			containerPortal = 18E580C51A5238AC00496338 /* Project object */;
			proxyType = 1;
			remoteGlobalIDString = 18E580CC1A5238AC00496338;
			remoteInfo = "A02.Tabbar控制器(代码)";
		};
/* End PBXContainerItemProxy section */

/* Begin PBXFileReference section */
		18E580CD1A5238AC00496338 /* A02.Tabbar控制器(代码).app */ = {isa = PBXFileReference; explicitFileType = wrapper.application; includeInIndex = 0; path = "A02.Tabbar控制器(代码).app"; sourceTree = BUILT_PRODUCTS_DIR; };
		18E580D11A5238AC00496338 /* Info.plist */ = {isa = PBXFileReference; lastKnownFileType = text.plist.xml; path = Info.plist; sourceTree = "<group>"; };
		18E580D21A5238AC00496338 /* main.m */ = {isa = PBXFileReference; lastKnownFileType = sourcecode.c.objc; path = main.m; sourceTree = "<group>"; };
		18E580D41A5238AC00496338 /* AppDelegate.h */ = {isa = PBXFileReference; lastKnownFileType = sourcecode.c.h; path = AppDelegate.h; sourceTree = "<group>"; };
		18E580D51A5238AC00496338 /* AppDelegate.m */ = {isa = PBXFileReference; lastKnownFileType = sourcecode.c.objc; path = AppDelegate.m; sourceTree = "<group>"; };
		18E580D71A5238AC00496338 /* ViewController.h */ = {isa = PBXFileReference; lastKnownFileType = sourcecode.c.h; path = ViewController.h; sourceTree = "<group>"; };
		18E580D81A5238AC00496338 /* ViewController.m */ = {isa = PBXFileReference; lastKnownFileType = sourcecode.c.objc; path = ViewController.m; sourceTree = "<group>"; };
		18E580DB1A5238AC00496338 /* Base */ = {isa = PBXFileReference; lastKnownFileType = file.storyboard; name = Base; path = Base.lproj/Main.storyboard; sourceTree = "<group>"; };
		18E580DD1A5238AC00496338 /* Images.xcassets */ = {isa = PBXFileReference; lastKnownFileType = folder.assetcatalog; path = Images.xcassets; sourceTree = "<group>"; };
		18E580E01A5238AC00496338 /* Base */ = {isa = PBXFileReference; lastKnownFileType = file.xib; name = Base; path = Base.lproj/LaunchScreen.xib; sourceTree = "<group>"; };
		18E580E61A5238AC00496338 /* A02.Tabbar控制器(代码)Tests.xctest */ = {isa = PBXFileReference; explicitFileType = wrapper.cfbundle; includeInIndex = 0; path = "A02.Tabbar控制器(代码)Tests.xctest"; sourceTree = BUILT_PRODUCTS_DIR; };
		18E580EB1A5238AC00496338 /* Info.plist */ = {isa = PBXFileReference; lastKnownFileType = text.plist.xml; path = Info.plist; sourceTree = "<group>"; };
		18E580EC1A5238AC00496338 /* A02_Tabbar_______Tests.m */ = {isa = PBXFileReference; lastKnownFileType = sourcecode.c.objc; path = "A02_Tabbar_______Tests.m"; sourceTree = "<group>"; };
/* End PBXFileReference section */

/* Begin PBXFrameworksBuildPhase section */
		18E580CA1A5238AC00496338 /* Frameworks */ = {
			isa = PBXFrameworksBuildPhase;
			buildActionMask = 2147483647;
			files = (
			);
			runOnlyForDeploymentPostprocessing = 0;
		};
		18E580E31A5238AC00496338 /* Frameworks */ = {
			isa = PBXFrameworksBuildPhase;
			buildActionMask = 2147483647;
			files = (
			);
			runOnlyForDeploymentPostprocessing = 0;
		};
/* End PBXFrameworksBuildPhase section */

/* Begin PBXGroup section */
		18E580C41A5238AC00496338 = {
			isa = PBXGroup;
			children = (
				18E580CF1A5238AC00496338 /* A02.Tabbar控制器(代码) */,
				18E580E91A5238AC00496338 /* A02.Tabbar控制器(代码)Tests */,
				18E580CE1A5238AC00496338 /* Products */,
			);
			sourceTree = "<group>";
		};
		18E580CE1A5238AC00496338 /* Products */ = {
			isa = PBXGroup;
			children = (
				18E580CD1A5238AC00496338 /* A02.Tabbar控制器(代码).app */,
				18E580E61A5238AC00496338 /* A02.Tabbar控制器(代码)Tests.xctest */,
			);
			name = Products;
			sourceTree = "<group>";
		};
		18E580CF1A5238AC00496338 /* A02.Tabbar控制器(代码) */ = {
			isa = PBXGroup;
			children = (
				18E580D41A5238AC00496338 /* AppDelegate.h */,
				18E580D51A5238AC00496338 /* AppDelegate.m */,
				18E580D71A5238AC00496338 /* ViewController.h */,
				18E580D81A5238AC00496338 /* ViewController.m */,
				18E580DA1A5238AC00496338 /* Main.storyboard */,
				18E580DD1A5238AC00496338 /* Images.xcassets */,
				18E580DF1A5238AC00496338 /* LaunchScreen.xib */,
				18E580D01A5238AC00496338 /* Supporting Files */,
			);
			path = "A02.Tabbar控制器(代码)";
			sourceTree = "<group>";
		};
		18E580D01A5238AC00496338 /* Supporting Files */ = {
			isa = PBXGroup;
			children = (
				18E580D11A5238AC00496338 /* Info.plist */,
				18E580D21A5238AC00496338 /* main.m */,
			);
			name = "Supporting Files";
			sourceTree = "<group>";
		};
		18E580E91A5238AC00496338 /* A02.Tabbar控制器(代码)Tests */ = {
			isa = PBXGroup;
			children = (
				18E580EC1A5238AC00496338 /* A02_Tabbar_______Tests.m */,
				18E580EA1A5238AC00496338 /* Supporting Files */,
			);
			path = "A02.Tabbar控制器(代码)Tests";
			sourceTree = "<group>";
		};
		18E580EA1A5238AC00496338 /* Supporting Files */ = {
			isa = PBXGroup;
			children = (
				18E580EB1A5238AC00496338 /* Info.plist */,
			);
			name = "Supporting Files";
			sourceTree = "<group>";
		};
/* End PBXGroup section */

/* Begin PBXNativeTarget section */
		18E580CC1A5238AC00496338 /* A02.Tabbar控制器(代码) */ = {
			isa = PBXNativeTarget;
			buildConfigurationList = 18E580F01A5238AC00496338 /* Build configuration list for PBXNativeTarget "A02.Tabbar控制器(代码)" */;
			buildPhases = (
				18E580C91A5238AC00496338 /* Sources */,
				18E580CA1A5238AC00496338 /* Frameworks */,
				18E580CB1A5238AC00496338 /* Resources */,
			);
			buildRules = (
			);
			dependencies = (
			);
			name = "A02.Tabbar控制器(代码)";
			productName = "A02.Tabbar控制器(代码)";
			productReference = 18E580CD1A5238AC00496338 /* A02.Tabbar控制器(代码).app */;
			productType = "com.apple.product-type.application";
		};
		18E580E51A5238AC00496338 /* A02.Tabbar控制器(代码)Tests */ = {
			isa = PBXNativeTarget;
			buildConfigurationList = 18E580F31A5238AC00496338 /* Build configuration list for PBXNativeTarget "A02.Tabbar控制器(代码)Tests" */;
			buildPhases = (
				18E580E21A5238AC00496338 /* Sources */,
				18E580E31A5238AC00496338 /* Frameworks */,
				18E580E41A5238AC00496338 /* Resources */,
			);
			buildRules = (
			);
			dependencies = (
				18E580E81A5238AC00496338 /* PBXTargetDependency */,
			);
			name = "A02.Tabbar控制器(代码)Tests";
			productName = "A02.Tabbar控制器(代码)Tests";
			productReference = 18E580E61A5238AC00496338 /* A02.Tabbar控制器(代码)Tests.xctest */;
			productType = "com.apple.product-type.bundle.unit-test";
		};
/* End PBXNativeTarget section */

/* Begin PBXProject section */
		18E580C51A5238AC00496338 /* Project object */ = {
			isa = PBXProject;
			attributes = {
				LastUpgradeCheck = 0610;
				ORGANIZATIONNAME = itcast;
				TargetAttributes = {
					18E580CC1A5238AC00496338 = {
						CreatedOnToolsVersion = 6.1;
					};
					18E580E51A5238AC00496338 = {
						CreatedOnToolsVersion = 6.1;
						TestTargetID = 18E580CC1A5238AC00496338;
					};
				};
			};
			buildConfigurationList = 18E580C81A5238AC00496338 /* Build configuration list for PBXProject "A02.Tabbar控制器(代码)" */;
			compatibilityVersion = "Xcode 3.2";
			developmentRegion = English;
			hasScannedForEncodings = 0;
			knownRegions = (
				en,
				Base,
			);
			mainGroup = 18E580C41A5238AC00496338;
			productRefGroup = 18E580CE1A5238AC00496338 /* Products */;
			projectDirPath = "";
			projectRoot = "";
			targets = (
				18E580CC1A5238AC00496338 /* A02.Tabbar控制器(代码) */,
				18E580E51A5238AC00496338 /* A02.Tabbar控制器(代码)Tests */,
			);
		};
/* End PBXProject section */

/* Begin PBXResourcesBuildPhase section */
		18E580CB1A5238AC00496338 /* Resources */ = {
			isa = PBXResourcesBuildPhase;
			buildActionMask = 2147483647;
			files = (
				18E580DC1A5238AC00496338 /* Main.storyboard in Resources */,
				18E580E11A5238AC00496338 /* LaunchScreen.xib in Resources */,
				18E580DE1A5238AC00496338 /* Images.xcassets in Resources */,
			);
			runOnlyForDeploymentPostprocessing = 0;
		};
		18E580E41A5238AC00496338 /* Resources */ = {
			isa = PBXResourcesBuildPhase;
			buildActionMask = 2147483647;
			files = (
			);
			runOnlyForDeploymentPostprocessing = 0;
		};
/* End PBXResourcesBuildPhase section */

/* Begin PBXSourcesBuildPhase section */
		18E580C91A5238AC00496338 /* Sources */ = {
			isa = PBXSourcesBuildPhase;
			buildActionMask = 2147483647;
			files = (
				18E580D91A5238AC00496338 /* ViewController.m in Sources */,
				18E580D61A5238AC00496338 /* AppDelegate.m in Sources */,
				18E580D31A5238AC00496338 /* main.m in Sources */,
			);
			runOnlyForDeploymentPostprocessing = 0;
		};
		18E580E21A5238AC00496338 /* Sources */ = {
			isa = PBXSourcesBuildPhase;
			buildActionMask = 2147483647;
			files = (
				18E580ED1A5238AC00496338 /* A02_Tabbar_______Tests.m in Sources */,
			);
			runOnlyForDeploymentPostprocessing = 0;
		};
/* End PBXSourcesBuildPhase section */

/* Begin PBXTargetDependency section */
		18E580E81A5238AC00496338 /* PBXTargetDependency */ = {
			isa = PBXTargetDependency;
			target = 18E580CC1A5238AC00496338 /* A02.Tabbar控制器(代码) */;
			targetProxy = 18E580E71A5238AC00496338 /* PBXContainerItemProxy */;
		};
/* End PBXTargetDependency section */

/* Begin PBXVariantGroup section */
		18E580DA1A5238AC00496338 /* Main.storyboard */ = {
			isa = PBXVariantGroup;
			children = (
				18E580DB1A5238AC00496338 /* Base */,
			);
			name = Main.storyboard;
			sourceTree = "<group>";
		};
		18E580DF1A5238AC00496338 /* LaunchScreen.xib */ = {
			isa = PBXVariantGroup;
			children = (
				18E580E01A5238AC00496338 /* Base */,
			);
			name = LaunchScreen.xib;
			sourceTree = "<group>";
		};
/* End PBXVariantGroup section */

/* Begin XCBuildConfiguration section */
		18E580EE1A5238AC00496338 /* Debug */ = {
			isa = XCBuildConfiguration;
			buildSettings = {
				ALWAYS_SEARCH_USER_PATHS = NO;
				CLANG_CXX_LANGUAGE_STANDARD = "gnu++0x";
				CLANG_CXX_LIBRARY = "libc++";
				CLANG_ENABLE_MODULES = YES;
				CLANG_ENABLE_OBJC_ARC = YES;
				CLANG_WARN_BOOL_CONVERSION = YES;
				CLANG_WARN_CONSTANT_CONVERSION = YES;
				CLANG_WARN_DIRECT_OBJC_ISA_USAGE = YES_ERROR;
				CLANG_WARN_EMPTY_BODY = YES;
				CLANG_WARN_ENUM_CONVERSION = YES;
				CLANG_WARN_INT_CONVERSION = YES;
				CLANG_WARN_OBJC_ROOT_CLASS = YES_ERROR;
				CLANG_WARN_UNREACHABLE_CODE = YES;
				CLANG_WARN__DUPLICATE_METHOD_MATCH = YES;
				"CODE_SIGN_IDENTITY[sdk=iphoneos*]" = "iPhone Developer";
				COPY_PHASE_STRIP = NO;
				ENABLE_STRICT_OBJC_MSGSEND = YES;
				GCC_C_LANGUAGE_STANDARD = gnu99;
				GCC_DYNAMIC_NO_PIC = NO;
				GCC_OPTIMIZATION_LEVEL = 0;
				GCC_PREPROCESSOR_DEFINITIONS = (
					"DEBUG=1",
					"$(inherited)",
				);
				GCC_SYMBOLS_PRIVATE_EXTERN = NO;
				GCC_WARN_64_TO_32_BIT_CONVERSION = YES;
				GCC_WARN_ABOUT_RETURN_TYPE = YES_ERROR;
				GCC_WARN_UNDECLARED_SELECTOR = YES;
				GCC_WARN_UNINITIALIZED_AUTOS = YES_AGGRESSIVE;
				GCC_WARN_UNUSED_FUNCTION = YES;
				GCC_WARN_UNUSED_VARIABLE = YES;
				IPHONEOS_DEPLOYMENT_TARGET = 8.1;
				MTL_ENABLE_DEBUG_INFO = YES;
				ONLY_ACTIVE_ARCH = YES;
				SDKROOT = iphoneos;
			};
			name = Debug;
		};
		18E580EF1A5238AC00496338 /* Release */ = {
			isa = XCBuildConfiguration;
			buildSettings = {
				ALWAYS_SEARCH_USER_PATHS = NO;
				CLANG_CXX_LANGUAGE_STANDARD = "gnu++0x";
				CLANG_CXX_LIBRARY = "libc++";
				CLANG_ENABLE_MODULES = YES;
				CLANG_ENABLE_OBJC_ARC = YES;
				CLANG_WARN_BOOL_CONVERSION = YES;
				CLANG_WARN_CONSTANT_CONVERSION = YES;
				CLANG_WARN_DIRECT_OBJC_ISA_USAGE = YES_ERROR;
				CLANG_WARN_EMPTY_BODY = YES;
				CLANG_WARN_ENUM_CONVERSION = YES;
				CLANG_WARN_INT_CONVERSION = YES;
				CLANG_WARN_OBJC_ROOT_CLASS = YES_ERROR;
				CLANG_WARN_UNREACHABLE_CODE = YES;
				CLANG_WARN__DUPLICATE_METHOD_MATCH = YES;
				"CODE_SIGN_IDENTITY[sdk=iphoneos*]" = "iPhone Developer";
				COPY_PHASE_STRIP = YES;
				ENABLE_NS_ASSERTIONS = NO;
				ENABLE_STRICT_OBJC_MSGSEND = YES;
				GCC_C_LANGUAGE_STANDARD = gnu99;
				GCC_WARN_64_TO_32_BIT_CONVERSION = YES;
				GCC_WARN_ABOUT_RETURN_TYPE = YES_ERROR;
				GCC_WARN_UNDECLARED_SELECTOR = YES;
				GCC_WARN_UNINITIALIZED_AUTOS = YES_AGGRESSIVE;
				GCC_WARN_UNUSED_FUNCTION = YES;
				GCC_WARN_UNUSED_VARIABLE = YES;
				IPHONEOS_DEPLOYMENT_TARGET = 8.1;
				MTL_ENABLE_DEBUG_INFO = NO;
				SDKROOT = iphoneos;
				VALIDATE_PRODUCT = YES;
			};
			name = Release;
		};
		18E580F11A5238AC00496338 /* Debug */ = {
			isa = XCBuildConfiguration;
			buildSettings = {
				ASSETCATALOG_COMPILER_APPICON_NAME = AppIcon;
				INFOPLIST_FILE = "A02.Tabbar控制器(代码)/Info.plist";
				LD_RUNPATH_SEARCH_PATHS = "$(inherited) @executable_path/Frameworks";
				PRODUCT_NAME = "$(TARGET_NAME)";
			};
			name = Debug;
		};
		18E580F21A5238AC00496338 /* Release */ = {
			isa = XCBuildConfiguration;
			buildSettings = {
				ASSETCATALOG_COMPILER_APPICON_NAME = AppIcon;
				INFOPLIST_FILE = "A02.Tabbar控制器(代码)/Info.plist";
				LD_RUNPATH_SEARCH_PATHS = "$(inherited) @executable_path/Frameworks";
				PRODUCT_NAME = "$(TARGET_NAME)";
			};
			name = Release;
		};
		18E580F41A5238AC00496338 /* Debug */ = {
			isa = XCBuildConfiguration;
			buildSettings = {
				BUNDLE_LOADER = "$(TEST_HOST)";
				FRAMEWORK_SEARCH_PATHS = (
					"$(SDKROOT)/Developer/Library/Frameworks",
					"$(inherited)",
				);
				GCC_PREPROCESSOR_DEFINITIONS = (
					"DEBUG=1",
					"$(inherited)",
				);
				INFOPLIST_FILE = "A02.Tabbar控制器(代码)Tests/Info.plist";
				LD_RUNPATH_SEARCH_PATHS = "$(inherited) @executable_path/Frameworks @loader_path/Frameworks";
				PRODUCT_NAME = "$(TARGET_NAME)";
				TEST_HOST = "$(BUILT_PRODUCTS_DIR)/A02.Tabbar控制器(代码).app/A02.Tabbar控制器(代码)";
			};
			name = Debug;
		};
		18E580F51A5238AC00496338 /* Release */ = {
			isa = XCBuildConfiguration;
			buildSettings = {
				BUNDLE_LOADER = "$(TEST_HOST)";
				FRAMEWORK_SEARCH_PATHS = (
					"$(SDKROOT)/Developer/Library/Frameworks",
					"$(inherited)",
				);
				INFOPLIST_FILE = "A02.Tabbar控制器(代码)Tests/Info.plist";
				LD_RUNPATH_SEARCH_PATHS = "$(inherited) @executable_path/Frameworks @loader_path/Frameworks";
				PRODUCT_NAME = "$(TARGET_NAME)";
				TEST_HOST = "$(BUILT_PRODUCTS_DIR)/A02.Tabbar控制器(代码).app/A02.Tabbar控制器(代码)";
			};
			name = Release;
		};
/* End XCBuildConfiguration section */

/* Begin XCConfigurationList section */
		18E580C81A5238AC00496338 /* Build configuration list for PBXProject "A02.Tabbar控制器(代码)" */ = {
			isa = XCConfigurationList;
			buildConfigurations = (
				18E580EE1A5238AC00496338 /* Debug */,
				18E580EF1A5238AC00496338 /* Release */,
			);
			defaultConfigurationIsVisible = 0;
			defaultConfigurationName = Release;
		};
		18E580F01A5238AC00496338 /* Build configuration list for PBXNativeTarget "A02.Tabbar控制器(代码)" */ = {
			isa = XCConfigurationList;
			buildConfigurations = (
				18E580F11A5238AC00496338 /* Debug */,
				18E580F21A5238AC00496338 /* Release */,
			);
			defaultConfigurationIsVisible = 0;
		};
		18E580F31A5238AC00496338 /* Build configuration list for PBXNativeTarget "A02.Tabbar控制器(代码)Tests" */ = {
			isa = XCConfigurationList;
			buildConfigurations = (
				18E580F41A5238AC00496338 /* Debug */,
				18E580F51A5238AC00496338 /* Release */,
			);
			defaultConfigurationIsVisible = 0;
		};
/* End XCConfigurationList section */
	};
	rootObject = 18E580C51A5238AC00496338 /* Project object */;
}
