// !$*UTF8*$!
{
	archiveVersion = 1;
	classes = {
	};
	objectVersion = 46;
	objects = {

/* Begin PBXBuildFile section */
		18E581051A523FC000496338 /* main.m in Sources */ = {isa = PBXBuildFile; fileRef = 18E581041A523FC000496338 /* main.m */; };
		18E581081A523FC000496338 /* AppDelegate.m in Sources */ = {isa = PBXBuildFile; fileRef = 18E581071A523FC000496338 /* AppDelegate.m */; };
		18E5810B1A523FC000496338 /* ViewController.m in Sources */ = {isa = PBXBuildFile; fileRef = 18E5810A1A523FC000496338 /* ViewController.m */; };
		18E5810E1A523FC000496338 /* Main.storyboard in Resources */ = {isa = PBXBuildFile; fileRef = 18E5810C1A523FC000496338 /* Main.storyboard */; };
		18E581101A523FC000496338 /* Images.xcassets in Resources */ = {isa = PBXBuildFile; fileRef = 18E5810F1A523FC000496338 /* Images.xcassets */; };
		18E581131A523FC000496338 /* LaunchScreen.xib in Resources */ = {isa = PBXBuildFile; fileRef = 18E581111A523FC000496338 /* LaunchScreen.xib */; };
		18E5811F1A523FC100496338 /* A03_Tabbar____Storyboard_Tests.m in Sources */ = {isa = PBXBuildFile; fileRef = 18E5811E1A523FC100496338 /* A03_Tabbar____Storyboard_Tests.m */; };
		18E5812E1A5241D500496338 /* OneViewController.m in Sources */ = {isa = PBXBuildFile; fileRef = 18E581291A5241D500496338 /* OneViewController.m */; };
		18E5812F1A5241D500496338 /* ThreeViewController.m in Sources */ = {isa = PBXBuildFile; fileRef = 18E5812B1A5241D500496338 /* ThreeViewController.m */; };
		18E581301A5241D500496338 /* TwoViewController.m in Sources */ = {isa = PBXBuildFile; fileRef = 18E5812D1A5241D500496338 /* TwoViewController.m */; };
/* End PBXBuildFile section */

/* Begin PBXContainerItemProxy section */
		18E581191A523FC100496338 /* PBXContainerItemProxy */ = {
			isa = PBXContainerItemProxy;
			containerPortal = 18E580F71A523FC000496338 /* Project object */;
			proxyType = 1;
			remoteGlobalIDString = 18E580FE1A523FC000496338;
			remoteInfo = "A03.Tabbar控制器(Storyboard)";
		};
/* End PBXContainerItemProxy section */

/* Begin PBXFileReference section */
		18E580FF1A523FC000496338 /* A03.Tabbar控制器(Storyboard).app */ = {isa = PBXFileReference; explicitFileType = wrapper.application; includeInIndex = 0; path = "A03.Tabbar控制器(Storyboard).app"; sourceTree = BUILT_PRODUCTS_DIR; };
		18E581031A523FC000496338 /* Info.plist */ = {isa = PBXFileReference; lastKnownFileType = text.plist.xml; path = Info.plist; sourceTree = "<group>"; };
		18E581041A523FC000496338 /* main.m */ = {isa = PBXFileReference; lastKnownFileType = sourcecode.c.objc; path = main.m; sourceTree = "<group>"; };
		18E581061A523FC000496338 /* AppDelegate.h */ = {isa = PBXFileReference; lastKnownFileType = sourcecode.c.h; path = AppDelegate.h; sourceTree = "<group>"; };
		18E581071A523FC000496338 /* AppDelegate.m */ = {isa = PBXFileReference; lastKnownFileType = sourcecode.c.objc; path = AppDelegate.m; sourceTree = "<group>"; };
		18E581091A523FC000496338 /* ViewController.h */ = {isa = PBXFileReference; lastKnownFileType = sourcecode.c.h; path = ViewController.h; sourceTree = "<group>"; };
		18E5810A1A523FC000496338 /* ViewController.m */ = {isa = PBXFileReference; lastKnownFileType = sourcecode.c.objc; path = ViewController.m; sourceTree = "<group>"; };
		18E5810D1A523FC000496338 /* Base */ = {isa = PBXFileReference; lastKnownFileType = file.storyboard; name = Base; path = Base.lproj/Main.storyboard; sourceTree = "<group>"; };
		18E5810F1A523FC000496338 /* Images.xcassets */ = {isa = PBXFileReference; lastKnownFileType = folder.assetcatalog; path = Images.xcassets; sourceTree = "<group>"; };
		18E581121A523FC000496338 /* Base */ = {isa = PBXFileReference; lastKnownFileType = file.xib; name = Base; path = Base.lproj/LaunchScreen.xib; sourceTree = "<group>"; };
		18E581181A523FC100496338 /* A03.Tabbar控制器(Storyboard)Tests.xctest */ = {isa = PBXFileReference; explicitFileType = wrapper.cfbundle; includeInIndex = 0; path = "A03.Tabbar控制器(Storyboard)Tests.xctest"; sourceTree = BUILT_PRODUCTS_DIR; };
		18E5811D1A523FC100496338 /* Info.plist */ = {isa = PBXFileReference; lastKnownFileType = text.plist.xml; path = Info.plist; sourceTree = "<group>"; };
		18E5811E1A523FC100496338 /* A03_Tabbar____Storyboard_Tests.m */ = {isa = PBXFileReference; lastKnownFileType = sourcecode.c.objc; path = "A03_Tabbar____Storyboard_Tests.m"; sourceTree = "<group>"; };
		18E581281A5241D500496338 /* OneViewController.h */ = {isa = PBXFileReference; fileEncoding = 4; lastKnownFileType = sourcecode.c.h; path = OneViewController.h; sourceTree = "<group>"; };
		18E581291A5241D500496338 /* OneViewController.m */ = {isa = PBXFileReference; fileEncoding = 4; lastKnownFileType = sourcecode.c.objc; path = OneViewController.m; sourceTree = "<group>"; };
		18E5812A1A5241D500496338 /* ThreeViewController.h */ = {isa = PBXFileReference; fileEncoding = 4; lastKnownFileType = sourcecode.c.h; path = ThreeViewController.h; sourceTree = "<group>"; };
		18E5812B1A5241D500496338 /* ThreeViewController.m */ = {isa = PBXFileReference; fileEncoding = 4; lastKnownFileType = sourcecode.c.objc; path = ThreeViewController.m; sourceTree = "<group>"; };
		18E5812C1A5241D500496338 /* TwoViewController.h */ = {isa = PBXFileReference; fileEncoding = 4; lastKnownFileType = sourcecode.c.h; path = TwoViewController.h; sourceTree = "<group>"; };
		18E5812D1A5241D500496338 /* TwoViewController.m */ = {isa = PBXFileReference; fileEncoding = 4; lastKnownFileType = sourcecode.c.objc; path = TwoViewController.m; sourceTree = "<group>"; };
/* End PBXFileReference section */

/* Begin PBXFrameworksBuildPhase section */
		18E580FC1A523FC000496338 /* Frameworks */ = {
			isa = PBXFrameworksBuildPhase;
			buildActionMask = 2147483647;
			files = (
			);
			runOnlyForDeploymentPostprocessing = 0;
		};
		18E581151A523FC100496338 /* Frameworks */ = {
			isa = PBXFrameworksBuildPhase;
			buildActionMask = 2147483647;
			files = (
			);
			runOnlyForDeploymentPostprocessing = 0;
		};
/* End PBXFrameworksBuildPhase section */

/* Begin PBXGroup section */
		18E580F61A523FC000496338 = {
			isa = PBXGroup;
			children = (
				18E581011A523FC000496338 /* A03.Tabbar控制器(Storyboard) */,
				18E5811B1A523FC100496338 /* A03.Tabbar控制器(Storyboard)Tests */,
				18E581001A523FC000496338 /* Products */,
			);
			sourceTree = "<group>";
		};
		18E581001A523FC000496338 /* Products */ = {
			isa = PBXGroup;
			children = (
				18E580FF1A523FC000496338 /* A03.Tabbar控制器(Storyboard).app */,
				18E581181A523FC100496338 /* A03.Tabbar控制器(Storyboard)Tests.xctest */,
			);
			name = Products;
			sourceTree = "<group>";
		};
		18E581011A523FC000496338 /* A03.Tabbar控制器(Storyboard) */ = {
			isa = PBXGroup;
			children = (
				18E581281A5241D500496338 /* OneViewController.h */,
				18E581291A5241D500496338 /* OneViewController.m */,
				18E5812A1A5241D500496338 /* ThreeViewController.h */,
				18E5812B1A5241D500496338 /* ThreeViewController.m */,
				18E5812C1A5241D500496338 /* TwoViewController.h */,
				18E5812D1A5241D500496338 /* TwoViewController.m */,
				18E581061A523FC000496338 /* AppDelegate.h */,
				18E581071A523FC000496338 /* AppDelegate.m */,
				18E581091A523FC000496338 /* ViewController.h */,
				18E5810A1A523FC000496338 /* ViewController.m */,
				18E5810C1A523FC000496338 /* Main.storyboard */,
				18E5810F1A523FC000496338 /* Images.xcassets */,
				18E581111A523FC000496338 /* LaunchScreen.xib */,
				18E581021A523FC000496338 /* Supporting Files */,
			);
			path = "A03.Tabbar控制器(Storyboard)";
			sourceTree = "<group>";
		};
		18E581021A523FC000496338 /* Supporting Files */ = {
			isa = PBXGroup;
			children = (
				18E581031A523FC000496338 /* Info.plist */,
				18E581041A523FC000496338 /* main.m */,
			);
			name = "Supporting Files";
			sourceTree = "<group>";
		};
		18E5811B1A523FC100496338 /* A03.Tabbar控制器(Storyboard)Tests */ = {
			isa = PBXGroup;
			children = (
				18E5811E1A523FC100496338 /* A03_Tabbar____Storyboard_Tests.m */,
				18E5811C1A523FC100496338 /* Supporting Files */,
			);
			path = "A03.Tabbar控制器(Storyboard)Tests";
			sourceTree = "<group>";
		};
		18E5811C1A523FC100496338 /* Supporting Files */ = {
			isa = PBXGroup;
			children = (
				18E5811D1A523FC100496338 /* Info.plist */,
			);
			name = "Supporting Files";
			sourceTree = "<group>";
		};
/* End PBXGroup section */

/* Begin PBXNativeTarget section */
		18E580FE1A523FC000496338 /* A03.Tabbar控制器(Storyboard) */ = {
			isa = PBXNativeTarget;
			buildConfigurationList = 18E581221A523FC100496338 /* Build configuration list for PBXNativeTarget "A03.Tabbar控制器(Storyboard)" */;
			buildPhases = (
				18E580FB1A523FC000496338 /* Sources */,
				18E580FC1A523FC000496338 /* Frameworks */,
				18E580FD1A523FC000496338 /* Resources */,
			);
			buildRules = (
			);
			dependencies = (
			);
			name = "A03.Tabbar控制器(Storyboard)";
			productName = "A03.Tabbar控制器(Storyboard)";
			productReference = 18E580FF1A523FC000496338 /* A03.Tabbar控制器(Storyboard).app */;
			productType = "com.apple.product-type.application";
		};
		18E581171A523FC100496338 /* A03.Tabbar控制器(Storyboard)Tests */ = {
			isa = PBXNativeTarget;
			buildConfigurationList = 18E581251A523FC100496338 /* Build configuration list for PBXNativeTarget "A03.Tabbar控制器(Storyboard)Tests" */;
			buildPhases = (
				18E581141A523FC100496338 /* Sources */,
				18E581151A523FC100496338 /* Frameworks */,
				18E581161A523FC100496338 /* Resources */,
			);
			buildRules = (
			);
			dependencies = (
				18E5811A1A523FC100496338 /* PBXTargetDependency */,
			);
			name = "A03.Tabbar控制器(Storyboard)Tests";
			productName = "A03.Tabbar控制器(Storyboard)Tests";
			productReference = 18E581181A523FC100496338 /* A03.Tabbar控制器(Storyboard)Tests.xctest */;
			productType = "com.apple.product-type.bundle.unit-test";
		};
/* End PBXNativeTarget section */

/* Begin PBXProject section */
		18E580F71A523FC000496338 /* Project object */ = {
			isa = PBXProject;
			attributes = {
				LastUpgradeCheck = 0610;
				ORGANIZATIONNAME = itcast;
				TargetAttributes = {
					18E580FE1A523FC000496338 = {
						CreatedOnToolsVersion = 6.1;
					};
					18E581171A523FC100496338 = {
						CreatedOnToolsVersion = 6.1;
						TestTargetID = 18E580FE1A523FC000496338;
					};
				};
			};
			buildConfigurationList = 18E580FA1A523FC000496338 /* Build configuration list for PBXProject "A03.Tabbar控制器(Storyboard)" */;
			compatibilityVersion = "Xcode 3.2";
			developmentRegion = English;
			hasScannedForEncodings = 0;
			knownRegions = (
				en,
				Base,
			);
			mainGroup = 18E580F61A523FC000496338;
			productRefGroup = 18E581001A523FC000496338 /* Products */;
			projectDirPath = "";
			projectRoot = "";
			targets = (
				18E580FE1A523FC000496338 /* A03.Tabbar控制器(Storyboard) */,
				18E581171A523FC100496338 /* A03.Tabbar控制器(Storyboard)Tests */,
			);
		};
/* End PBXProject section */

/* Begin PBXResourcesBuildPhase section */
		18E580FD1A523FC000496338 /* Resources */ = {
			isa = PBXResourcesBuildPhase;
			buildActionMask = 2147483647;
			files = (
				18E5810E1A523FC000496338 /* Main.storyboard in Resources */,
				18E581131A523FC000496338 /* LaunchScreen.xib in Resources */,
				18E581101A523FC000496338 /* Images.xcassets in Resources */,
			);
			runOnlyForDeploymentPostprocessing = 0;
		};
		18E581161A523FC100496338 /* Resources */ = {
			isa = PBXResourcesBuildPhase;
			buildActionMask = 2147483647;
			files = (
			);
			runOnlyForDeploymentPostprocessing = 0;
		};
/* End PBXResourcesBuildPhase section */

/* Begin PBXSourcesBuildPhase section */
		18E580FB1A523FC000496338 /* Sources */ = {
			isa = PBXSourcesBuildPhase;
			buildActionMask = 2147483647;
			files = (
				18E5810B1A523FC000496338 /* ViewController.m in Sources */,
				18E581081A523FC000496338 /* AppDelegate.m in Sources */,
				18E581051A523FC000496338 /* main.m in Sources */,
				18E581301A5241D500496338 /* TwoViewController.m in Sources */,
				18E5812E1A5241D500496338 /* OneViewController.m in Sources */,
				18E5812F1A5241D500496338 /* ThreeViewController.m in Sources */,
			);
			runOnlyForDeploymentPostprocessing = 0;
		};
		18E581141A523FC100496338 /* Sources */ = {
			isa = PBXSourcesBuildPhase;
			buildActionMask = 2147483647;
			files = (
				18E5811F1A523FC100496338 /* A03_Tabbar____Storyboard_Tests.m in Sources */,
			);
			runOnlyForDeploymentPostprocessing = 0;
		};
/* End PBXSourcesBuildPhase section */

/* Begin PBXTargetDependency section */
		18E5811A1A523FC100496338 /* PBXTargetDependency */ = {
			isa = PBXTargetDependency;
			target = 18E580FE1A523FC000496338 /* A03.Tabbar控制器(Storyboard) */;
			targetProxy = 18E581191A523FC100496338 /* PBXContainerItemProxy */;
		};
/* End PBXTargetDependency section */

/* Begin PBXVariantGroup section */
		18E5810C1A523FC000496338 /* Main.storyboard */ = {
			isa = PBXVariantGroup;
			children = (
				18E5810D1A523FC000496338 /* Base */,
			);
			name = Main.storyboard;
			sourceTree = "<group>";
		};
		18E581111A523FC000496338 /* LaunchScreen.xib */ = {
			isa = PBXVariantGroup;
			children = (
				18E581121A523FC000496338 /* Base */,
			);
			name = LaunchScreen.xib;
			sourceTree = "<group>";
		};
/* End PBXVariantGroup section */

/* Begin XCBuildConfiguration section */
		18E581201A523FC100496338 /* Debug */ = {
			isa = XCBuildConfiguration;
			buildSettings = {
				ALWAYS_SEARCH_USER_PATHS = NO;
				CLANG_CXX_LANGUAGE_STANDARD = "gnu++0x";
				CLANG_CXX_LIBRARY = "libc++";
				CLANG_ENABLE_MODULES = YES;
				CLANG_ENABLE_OBJC_ARC = YES;
				CLANG_WARN_BOOL_CONVERSION = YES;
				CLANG_WARN_CONSTANT_CONVERSION = YES;
				CLANG_WARN_DIRECT_OBJC_ISA_USAGE = YES_ERROR;
				CLANG_WARN_EMPTY_BODY = YES;
				CLANG_WARN_ENUM_CONVERSION = YES;
				CLANG_WARN_INT_CONVERSION = YES;
				CLANG_WARN_OBJC_ROOT_CLASS = YES_ERROR;
				CLANG_WARN_UNREACHABLE_CODE = YES;
				CLANG_WARN__DUPLICATE_METHOD_MATCH = YES;
				"CODE_SIGN_IDENTITY[sdk=iphoneos*]" = "iPhone Developer";
				COPY_PHASE_STRIP = NO;
				ENABLE_STRICT_OBJC_MSGSEND = YES;
				GCC_C_LANGUAGE_STANDARD = gnu99;
				GCC_DYNAMIC_NO_PIC = NO;
				GCC_OPTIMIZATION_LEVEL = 0;
				GCC_PREPROCESSOR_DEFINITIONS = (
					"DEBUG=1",
					"$(inherited)",
				);
				GCC_SYMBOLS_PRIVATE_EXTERN = NO;
				GCC_WARN_64_TO_32_BIT_CONVERSION = YES;
				GCC_WARN_ABOUT_RETURN_TYPE = YES_ERROR;
				GCC_WARN_UNDECLARED_SELECTOR = YES;
				GCC_WARN_UNINITIALIZED_AUTOS = YES_AGGRESSIVE;
				GCC_WARN_UNUSED_FUNCTION = YES;
				GCC_WARN_UNUSED_VARIABLE = YES;
				IPHONEOS_DEPLOYMENT_TARGET = 8.1;
				MTL_ENABLE_DEBUG_INFO = YES;
				ONLY_ACTIVE_ARCH = YES;
				SDKROOT = iphoneos;
			};
			name = Debug;
		};
		18E581211A523FC100496338 /* Release */ = {
			isa = XCBuildConfiguration;
			buildSettings = {
				ALWAYS_SEARCH_USER_PATHS = NO;
				CLANG_CXX_LANGUAGE_STANDARD = "gnu++0x";
				CLANG_CXX_LIBRARY = "libc++";
				CLANG_ENABLE_MODULES = YES;
				CLANG_ENABLE_OBJC_ARC = YES;
				CLANG_WARN_BOOL_CONVERSION = YES;
				CLANG_WARN_CONSTANT_CONVERSION = YES;
				CLANG_WARN_DIRECT_OBJC_ISA_USAGE = YES_ERROR;
				CLANG_WARN_EMPTY_BODY = YES;
				CLANG_WARN_ENUM_CONVERSION = YES;
				CLANG_WARN_INT_CONVERSION = YES;
				CLANG_WARN_OBJC_ROOT_CLASS = YES_ERROR;
				CLANG_WARN_UNREACHABLE_CODE = YES;
				CLANG_WARN__DUPLICATE_METHOD_MATCH = YES;
				"CODE_SIGN_IDENTITY[sdk=iphoneos*]" = "iPhone Developer";
				COPY_PHASE_STRIP = YES;
				ENABLE_NS_ASSERTIONS = NO;
				ENABLE_STRICT_OBJC_MSGSEND = YES;
				GCC_C_LANGUAGE_STANDARD = gnu99;
				GCC_WARN_64_TO_32_BIT_CONVERSION = YES;
				GCC_WARN_ABOUT_RETURN_TYPE = YES_ERROR;
				GCC_WARN_UNDECLARED_SELECTOR = YES;
				GCC_WARN_UNINITIALIZED_AUTOS = YES_AGGRESSIVE;
				GCC_WARN_UNUSED_FUNCTION = YES;
				GCC_WARN_UNUSED_VARIABLE = YES;
				IPHONEOS_DEPLOYMENT_TARGET = 8.1;
				MTL_ENABLE_DEBUG_INFO = NO;
				SDKROOT = iphoneos;
				VALIDATE_PRODUCT = YES;
			};
			name = Release;
		};
		18E581231A523FC100496338 /* Debug */ = {
			isa = XCBuildConfiguration;
			buildSettings = {
				ASSETCATALOG_COMPILER_APPICON_NAME = AppIcon;
				INFOPLIST_FILE = "A03.Tabbar控制器(Storyboard)/Info.plist";
				LD_RUNPATH_SEARCH_PATHS = "$(inherited) @executable_path/Frameworks";
				PRODUCT_NAME = "$(TARGET_NAME)";
			};
			name = Debug;
		};
		18E581241A523FC100496338 /* Release */ = {
			isa = XCBuildConfiguration;
			buildSettings = {
				ASSETCATALOG_COMPILER_APPICON_NAME = AppIcon;
				INFOPLIST_FILE = "A03.Tabbar控制器(Storyboard)/Info.plist";
				LD_RUNPATH_SEARCH_PATHS = "$(inherited) @executable_path/Frameworks";
				PRODUCT_NAME = "$(TARGET_NAME)";
			};
			name = Release;
		};
		18E581261A523FC100496338 /* Debug */ = {
			isa = XCBuildConfiguration;
			buildSettings = {
				BUNDLE_LOADER = "$(TEST_HOST)";
				FRAMEWORK_SEARCH_PATHS = (
					"$(SDKROOT)/Developer/Library/Frameworks",
					"$(inherited)",
				);
				GCC_PREPROCESSOR_DEFINITIONS = (
					"DEBUG=1",
					"$(inherited)",
				);
				INFOPLIST_FILE = "A03.Tabbar控制器(Storyboard)Tests/Info.plist";
				LD_RUNPATH_SEARCH_PATHS = "$(inherited) @executable_path/Frameworks @loader_path/Frameworks";
				PRODUCT_NAME = "$(TARGET_NAME)";
				TEST_HOST = "$(BUILT_PRODUCTS_DIR)/A03.Tabbar控制器(Storyboard).app/A03.Tabbar控制器(Storyboard)";
			};
			name = Debug;
		};
		18E581271A523FC100496338 /* Release */ = {
			isa = XCBuildConfiguration;
			buildSettings = {
				BUNDLE_LOADER = "$(TEST_HOST)";
				FRAMEWORK_SEARCH_PATHS = (
					"$(SDKROOT)/Developer/Library/Frameworks",
					"$(inherited)",
				);
				INFOPLIST_FILE = "A03.Tabbar控制器(Storyboard)Tests/Info.plist";
				LD_RUNPATH_SEARCH_PATHS = "$(inherited) @executable_path/Frameworks @loader_path/Frameworks";
				PRODUCT_NAME = "$(TARGET_NAME)";
				TEST_HOST = "$(BUILT_PRODUCTS_DIR)/A03.Tabbar控制器(Storyboard).app/A03.Tabbar控制器(Storyboard)";
			};
			name = Release;
		};
/* End XCBuildConfiguration section */

/* Begin XCConfigurationList section */
		18E580FA1A523FC000496338 /* Build configuration list for PBXProject "A03.Tabbar控制器(Storyboard)" */ = {
			isa = XCConfigurationList;
			buildConfigurations = (
				18E581201A523FC100496338 /* Debug */,
				18E581211A523FC100496338 /* Release */,
			);
			defaultConfigurationIsVisible = 0;
			defaultConfigurationName = Release;
		};
		18E581221A523FC100496338 /* Build configuration list for PBXNativeTarget "A03.Tabbar控制器(Storyboard)" */ = {
			isa = XCConfigurationList;
			buildConfigurations = (
				18E581231A523FC100496338 /* Debug */,
				18E581241A523FC100496338 /* Release */,
			);
			defaultConfigurationIsVisible = 0;
		};
		18E581251A523FC100496338 /* Build configuration list for PBXNativeTarget "A03.Tabbar控制器(Storyboard)Tests" */ = {
			isa = XCConfigurationList;
			buildConfigurations = (
				18E581261A523FC100496338 /* Debug */,
				18E581271A523FC100496338 /* Release */,
			);
			defaultConfigurationIsVisible = 0;
		};
/* End XCConfigurationList section */
	};
	rootObject = 18E580F71A523FC000496338 /* Project object */;
}
